// !$*UTF8*$!
{
	archiveVersion = 1;
	classes = {
	};
	objectVersion = 50;
	objects = {

/* Begin PBXBuildFile section */
		8B3DB4452349DA540045AA76 /* SpeechResultsViewController.swift in Sources */ = {isa = PBXBuildFile; fileRef = 8B3DB4442349DA540045AA76 /* SpeechResultsViewController.swift */; };
		8B92D86C23491DD700697F95 /* AppDelegate.swift in Sources */ = {isa = PBXBuildFile; fileRef = 8B92D86B23491DD700697F95 /* AppDelegate.swift */; };
		8B92D86E23491DD700697F95 /* SceneDelegate.swift in Sources */ = {isa = PBXBuildFile; fileRef = 8B92D86D23491DD700697F95 /* SceneDelegate.swift */; };
		8B92D87023491DD700697F95 /* ViewController.swift in Sources */ = {isa = PBXBuildFile; fileRef = 8B92D86F23491DD700697F95 /* ViewController.swift */; };
		8B92D87323491DD800697F95 /* Main.storyboard in Resources */ = {isa = PBXBuildFile; fileRef = 8B92D87123491DD800697F95 /* Main.storyboard */; };
		8B92D87523491DD900697F95 /* Assets.xcassets in Resources */ = {isa = PBXBuildFile; fileRef = 8B92D87423491DD900697F95 /* Assets.xcassets */; };
		8B92D87823491DD900697F95 /* LaunchScreen.storyboard in Resources */ = {isa = PBXBuildFile; fileRef = 8B92D87623491DD900697F95 /* LaunchScreen.storyboard */; };
		8B9DCDFC234A0ED7002E2367 /* TokenTableViewCell.swift in Sources */ = {isa = PBXBuildFile; fileRef = 8B9DCDFA234A0ED7002E2367 /* TokenTableViewCell.swift */; };
		8B9DCDFD234A0ED7002E2367 /* TokenTableViewCell.xib in Resources */ = {isa = PBXBuildFile; fileRef = 8B9DCDFB234A0ED7002E2367 /* TokenTableViewCell.xib */; };
		8B9DCE00234A1009002E2367 /* PillCollectionViewCell.swift in Sources */ = {isa = PBXBuildFile; fileRef = 8B9DCDFE234A1009002E2367 /* PillCollectionViewCell.swift */; };
		8B9DCE01234A1009002E2367 /* PillCollectionViewCell.xib in Resources */ = {isa = PBXBuildFile; fileRef = 8B9DCDFF234A1009002E2367 /* PillCollectionViewCell.xib */; };
/* End PBXBuildFile section */

/* Begin PBXFileReference section */
		8B3DB4442349DA540045AA76 /* SpeechResultsViewController.swift */ = {isa = PBXFileReference; lastKnownFileType = sourcecode.swift; path = SpeechResultsViewController.swift; sourceTree = "<group>"; };
		8B92D86823491DD700697F95 /* Speech Natural Language Analyzer.app */ = {isa = PBXFileReference; explicitFileType = wrapper.application; includeInIndex = 0; path = "Speech Natural Language Analyzer.app"; sourceTree = BUILT_PRODUCTS_DIR; };
		8B92D86B23491DD700697F95 /* AppDelegate.swift */ = {isa = PBXFileReference; lastKnownFileType = sourcecode.swift; path = AppDelegate.swift; sourceTree = "<group>"; };
		8B92D86D23491DD700697F95 /* SceneDelegate.swift */ = {isa = PBXFileReference; lastKnownFileType = sourcecode.swift; path = SceneDelegate.swift; sourceTree = "<group>"; };
		8B92D86F23491DD700697F95 /* ViewController.swift */ = {isa = PBXFileReference; lastKnownFileType = sourcecode.swift; path = ViewController.swift; sourceTree = "<group>"; };
		8B92D87223491DD800697F95 /* Base */ = {isa = PBXFileReference; lastKnownFileType = file.storyboard; name = Base; path = Base.lproj/Main.storyboard; sourceTree = "<group>"; };
		8B92D87423491DD900697F95 /* Assets.xcassets */ = {isa = PBXFileReference; lastKnownFileType = folder.assetcatalog; path = Assets.xcassets; sourceTree = "<group>"; };
		8B92D87723491DD900697F95 /* Base */ = {isa = PBXFileReference; lastKnownFileType = file.storyboard; name = Base; path = Base.lproj/LaunchScreen.storyboard; sourceTree = "<group>"; };
		8B92D87923491DDA00697F95 /* Info.plist */ = {isa = PBXFileReference; lastKnownFileType = text.plist.xml; path = Info.plist; sourceTree = "<group>"; };
		8B92D87F23491DF700697F95 /* SpeecherLang.entitlements */ = {isa = PBXFileReference; lastKnownFileType = text.plist.entitlements; path = SpeecherLang.entitlements; sourceTree = "<group>"; };
		8B9DCDFA234A0ED7002E2367 /* TokenTableViewCell.swift */ = {isa = PBXFileReference; lastKnownFileType = sourcecode.swift; path = TokenTableViewCell.swift; sourceTree = "<group>"; };
		8B9DCDFB234A0ED7002E2367 /* TokenTableViewCell.xib */ = {isa = PBXFileReference; lastKnownFileType = file.xib; path = TokenTableViewCell.xib; sourceTree = "<group>"; };
		8B9DCDFE234A1009002E2367 /* PillCollectionViewCell.swift */ = {isa = PBXFileReference; lastKnownFileType = sourcecode.swift; path = PillCollectionViewCell.swift; sourceTree = "<group>"; };
		8B9DCDFF234A1009002E2367 /* PillCollectionViewCell.xib */ = {isa = PBXFileReference; lastKnownFileType = file.xib; path = PillCollectionViewCell.xib; sourceTree = "<group>"; };
/* End PBXFileReference section */

/* Begin PBXFrameworksBuildPhase section */
		8B92D86523491DD700697F95 /* Frameworks */ = {
			isa = PBXFrameworksBuildPhase;
			buildActionMask = 2147483647;
			files = (
			);
			runOnlyForDeploymentPostprocessing = 0;
		};
/* End PBXFrameworksBuildPhase section */

/* Begin PBXGroup section */
		8B92D85F23491DD700697F95 = {
			isa = PBXGroup;
			children = (
				8B92D86A23491DD700697F95 /* SpeecherLang */,
				8B92D86923491DD700697F95 /* Products */,
			);
			sourceTree = "<group>";
		};
		8B92D86923491DD700697F95 /* Products */ = {
			isa = PBXGroup;
			children = (
				8B92D86823491DD700697F95 /* Speech Natural Language Analyzer.app */,
			);
			name = Products;
			sourceTree = "<group>";
		};
		8B92D86A23491DD700697F95 /* SpeecherLang */ = {
			isa = PBXGroup;
			children = (
				8B92D87F23491DF700697F95 /* SpeecherLang.entitlements */,
				8B92D86B23491DD700697F95 /* AppDelegate.swift */,
				8B92D86D23491DD700697F95 /* SceneDelegate.swift */,
				8B92D86F23491DD700697F95 /* ViewController.swift */,
				8B3DB4442349DA540045AA76 /* SpeechResultsViewController.swift */,
				8B9DCDFA234A0ED7002E2367 /* TokenTableViewCell.swift */,
				8B9DCDFB234A0ED7002E2367 /* TokenTableViewCell.xib */,
				8B9DCDFE234A1009002E2367 /* PillCollectionViewCell.swift */,
				8B9DCDFF234A1009002E2367 /* PillCollectionViewCell.xib */,
				8B92D87123491DD800697F95 /* Main.storyboard */,
				8B92D87423491DD900697F95 /* Assets.xcassets */,
				8B92D87623491DD900697F95 /* LaunchScreen.storyboard */,
				8B92D87923491DDA00697F95 /* Info.plist */,
			);
			path = SpeecherLang;
			sourceTree = "<group>";
		};
/* End PBXGroup section */

/* Begin PBXNativeTarget section */
		8B92D86723491DD700697F95 /* SpeecherLang */ = {
			isa = PBXNativeTarget;
			buildConfigurationList = 8B92D87C23491DDA00697F95 /* Build configuration list for PBXNativeTarget "SpeecherLang" */;
			buildPhases = (
				8B92D86423491DD700697F95 /* Sources */,
				8B92D86523491DD700697F95 /* Frameworks */,
				8B92D86623491DD700697F95 /* Resources */,
			);
			buildRules = (
			);
			dependencies = (
			);
			name = SpeecherLang;
			productName = SpeecherLang;
			productReference = 8B92D86823491DD700697F95 /* Speech Natural Language Analyzer.app */;
			productType = "com.apple.product-type.application";
		};
/* End PBXNativeTarget section */

/* Begin PBXProject section */
		8B92D86023491DD700697F95 /* Project object */ = {
			isa = PBXProject;
			attributes = {
				LastSwiftUpdateCheck = 1120;
				LastUpgradeCheck = 1120;
				ORGANIZATIONNAME = "Alfian Losari";
				TargetAttributes = {
					8B92D86723491DD700697F95 = {
						CreatedOnToolsVersion = 11.2;
					};
				};
			};
			buildConfigurationList = 8B92D86323491DD700697F95 /* Build configuration list for PBXProject "SpeecherLang" */;
			compatibilityVersion = "Xcode 9.3";
			developmentRegion = en;
			hasScannedForEncodings = 0;
			knownRegions = (
				en,
				Base,
			);
			mainGroup = 8B92D85F23491DD700697F95;
			productRefGroup = 8B92D86923491DD700697F95 /* Products */;
			projectDirPath = "";
			projectRoot = "";
			targets = (
				8B92D86723491DD700697F95 /* SpeecherLang */,
			);
		};
/* End PBXProject section */

/* Begin PBXResourcesBuildPhase section */
		8B92D86623491DD700697F95 /* Resources */ = {
			isa = PBXResourcesBuildPhase;
			buildActionMask = 2147483647;
			files = (
				8B92D87823491DD900697F95 /* LaunchScreen.storyboard in Resources */,
				8B92D87523491DD900697F95 /* Assets.xcassets in Resources */,
				8B9DCE01234A1009002E2367 /* PillCollectionViewCell.xib in Resources */,
				8B92D87323491DD800697F95 /* Main.storyboard in Resources */,
				8B9DCDFD234A0ED7002E2367 /* TokenTableViewCell.xib in Resources */,
			);
			runOnlyForDeploymentPostprocessing = 0;
		};
/* End PBXResourcesBuildPhase section */

/* Begin PBXSourcesBuildPhase section */
		8B92D86423491DD700697F95 /* Sources */ = {
			isa = PBXSourcesBuildPhase;
			buildActionMask = 2147483647;
			files = (
				8B92D87023491DD700697F95 /* ViewController.swift in Sources */,
				8B9DCE00234A1009002E2367 /* PillCollectionViewCell.swift in Sources */,
				8B9DCDFC234A0ED7002E2367 /* TokenTableViewCell.swift in Sources */,
				8B92D86C23491DD700697F95 /* AppDelegate.swift in Sources */,
				8B92D86E23491DD700697F95 /* SceneDelegate.swift in Sources */,
				8B3DB4452349DA540045AA76 /* SpeechResultsViewController.swift in Sources */,
			);
			runOnlyForDeploymentPostprocessing = 0;
		};
/* End PBXSourcesBuildPhase section */

/* Begin PBXVariantGroup section */
		8B92D87123491DD800697F95 /* Main.storyboard */ = {
			isa = PBXVariantGroup;
			children = (
				8B92D87223491DD800697F95 /* Base */,
			);
			name = Main.storyboard;
			sourceTree = "<group>";
		};
		8B92D87623491DD900697F95 /* LaunchScreen.storyboard */ = {
			isa = PBXVariantGroup;
			children = (
				8B92D87723491DD900697F95 /* Base */,
			);
			name = LaunchScreen.storyboard;
			sourceTree = "<group>";
		};
/* End PBXVariantGroup section */

/* Begin XCBuildConfiguration section */
		8B92D87A23491DDA00697F95 /* Debug */ = {
			isa = XCBuildConfiguration;
			buildSettings = {
				ALWAYS_SEARCH_USER_PATHS = NO;
				CLANG_ANALYZER_NONNULL = YES;
				CLANG_ANALYZER_NUMBER_OBJECT_CONVERSION = YES_AGGRESSIVE;
				CLANG_CXX_LANGUAGE_STANDARD = "gnu++14";
				CLANG_CXX_LIBRARY = "libc++";
				CLANG_ENABLE_MODULES = YES;
				CLANG_ENABLE_OBJC_ARC = YES;
				CLANG_ENABLE_OBJC_WEAK = YES;
				CLANG_WARN_BLOCK_CAPTURE_AUTORELEASING = YES;
				CLANG_WARN_BOOL_CONVERSION = YES;
				CLANG_WARN_COMMA = YES;
				CLANG_WARN_CONSTANT_CONVERSION = YES;
				CLANG_WARN_DEPRECATED_OBJC_IMPLEMENTATIONS = YES;
				CLANG_WARN_DIRECT_OBJC_ISA_USAGE = YES_ERROR;
				CLANG_WARN_DOCUMENTATION_COMMENTS = YES;
				CLANG_WARN_EMPTY_BODY = YES;
				CLANG_WARN_ENUM_CONVERSION = YES;
				CLANG_WARN_INFINITE_RECURSION = YES;
				CLANG_WARN_INT_CONVERSION = YES;
				CLANG_WARN_NON_LITERAL_NULL_CONVERSION = YES;
				CLANG_WARN_OBJC_IMPLICIT_RETAIN_SELF = YES;
				CLANG_WARN_OBJC_LITERAL_CONVERSION = YES;
				CLANG_WARN_OBJC_ROOT_CLASS = YES_ERROR;
				CLANG_WARN_RANGE_LOOP_ANALYSIS = YES;
				CLANG_WARN_STRICT_PROTOTYPES = YES;
				CLANG_WARN_SUSPICIOUS_MOVE = YES;
				CLANG_WARN_UNGUARDED_AVAILABILITY = YES_AGGRESSIVE;
				CLANG_WARN_UNREACHABLE_CODE = YES;
				CLANG_WARN__DUPLICATE_METHOD_MATCH = YES;
				COPY_PHASE_STRIP = NO;
				DEBUG_INFORMATION_FORMAT = dwarf;
				ENABLE_STRICT_OBJC_MSGSEND = YES;
				ENABLE_TESTABILITY = YES;
				GCC_C_LANGUAGE_STANDARD = gnu11;
				GCC_DYNAMIC_NO_PIC = NO;
				GCC_NO_COMMON_BLOCKS = YES;
				GCC_OPTIMIZATION_LEVEL = 0;
				GCC_PREPROCESSOR_DEFINITIONS = (
					"DEBUG=1",
					"$(inherited)",
				);
				GCC_WARN_64_TO_32_BIT_CONVERSION = YES;
				GCC_WARN_ABOUT_RETURN_TYPE = YES_ERROR;
				GCC_WARN_UNDECLARED_SELECTOR = YES;
				GCC_WARN_UNINITIALIZED_AUTOS = YES_AGGRESSIVE;
				GCC_WARN_UNUSED_FUNCTION = YES;
				GCC_WARN_UNUSED_VARIABLE = YES;
				IPHONEOS_DEPLOYMENT_TARGET = 13.0;
				MTL_ENABLE_DEBUG_INFO = INCLUDE_SOURCE;
				MTL_FAST_MATH = YES;
				ONLY_ACTIVE_ARCH = YES;
				SDKROOT = iphoneos;
				SWIFT_ACTIVE_COMPILATION_CONDITIONS = DEBUG;
				SWIFT_OPTIMIZATION_LEVEL = "-Onone";
			};
			name = Debug;
		};
		8B92D87B23491DDA00697F95 /* Release */ = {
			isa = XCBuildConfiguration;
			buildSettings = {
				ALWAYS_SEARCH_USER_PATHS = NO;
				CLANG_ANALYZER_NONNULL = YES;
				CLANG_ANALYZER_NUMBER_OBJECT_CONVERSION = YES_AGGRESSIVE;
				CLANG_CXX_LANGUAGE_STANDARD = "gnu++14";
				CLANG_CXX_LIBRARY = "libc++";
				CLANG_ENABLE_MODULES = YES;
				CLANG_ENABLE_OBJC_ARC = YES;
				CLANG_ENABLE_OBJC_WEAK = YES;
				CLANG_WARN_BLOCK_CAPTURE_AUTORELEASING = YES;
				CLANG_WARN_BOOL_CONVERSION = YES;
				CLANG_WARN_COMMA = YES;
				CLANG_WARN_CONSTANT_CONVERSION = YES;
				CLANG_WARN_DEPRECATED_OBJC_IMPLEMENTATIONS = YES;
				CLANG_WARN_DIRECT_OBJC_ISA_USAGE = YES_ERROR;
				CLANG_WARN_DOCUMENTATION_COMMENTS = YES;
				CLANG_WARN_EMPTY_BODY = YES;
				CLANG_WARN_ENUM_CONVERSION = YES;
				CLANG_WARN_INFINITE_RECURSION = YES;
				CLANG_WARN_INT_CONVERSION = YES;
				CLANG_WARN_NON_LITERAL_NULL_CONVERSION = YES;
				CLANG_WARN_OBJC_IMPLICIT_RETAIN_SELF = YES;
				CLANG_WARN_OBJC_LITERAL_CONVERSION = YES;
				CLANG_WARN_OBJC_ROOT_CLASS = YES_ERROR;
				CLANG_WARN_RANGE_LOOP_ANALYSIS = YES;
				CLANG_WARN_STRICT_PROTOTYPES = YES;
				CLANG_WARN_SUSPICIOUS_MOVE = YES;
				CLANG_WARN_UNGUARDED_AVAILABILITY = YES_AGGRESSIVE;
				CLANG_WARN_UNREACHABLE_CODE = YES;
				CLANG_WARN__DUPLICATE_METHOD_MATCH = YES;
				COPY_PHASE_STRIP = NO;
				DEBUG_INFORMATION_FORMAT = "dwarf-with-dsym";
				ENABLE_NS_ASSERTIONS = NO;
				ENABLE_STRICT_OBJC_MSGSEND = YES;
				GCC_C_LANGUAGE_STANDARD = gnu11;
				GCC_NO_COMMON_BLOCKS = YES;
				GCC_WARN_64_TO_32_BIT_CONVERSION = YES;
				GCC_WARN_ABOUT_RETURN_TYPE = YES_ERROR;
				GCC_WARN_UNDECLARED_SELECTOR = YES;
				GCC_WARN_UNINITIALIZED_AUTOS = YES_AGGRESSIVE;
				GCC_WARN_UNUSED_FUNCTION = YES;
				GCC_WARN_UNUSED_VARIABLE = YES;
				IPHONEOS_DEPLOYMENT_TARGET = 13.0;
				MTL_ENABLE_DEBUG_INFO = NO;
				MTL_FAST_MATH = YES;
				SDKROOT = iphoneos;
				SWIFT_COMPILATION_MODE = wholemodule;
				SWIFT_OPTIMIZATION_LEVEL = "-O";
				VALIDATE_PRODUCT = YES;
			};
			name = Release;
		};
		8B92D87D23491DDA00697F95 /* Debug */ = {
			isa = XCBuildConfiguration;
			buildSettings = {
				ASSETCATALOG_COMPILER_APPICON_NAME = AppIcon;
				CODE_SIGN_ENTITLEMENTS = SpeecherLang/SpeecherLang.entitlements;
				CODE_SIGN_STYLE = Automatic;
				DERIVE_MACCATALYST_PRODUCT_BUNDLE_IDENTIFIER = YES;
				DEVELOPMENT_TEAM = 5C2XD9H2JS;
				INFOPLIST_FILE = SpeecherLang/Info.plist;
				IPHONEOS_DEPLOYMENT_TARGET = 13.0;
				LD_RUNPATH_SEARCH_PATHS = (
					"$(inherited)",
					"@executable_path/Frameworks",
				);
				PRODUCT_BUNDLE_IDENTIFIER = com.alfianlosari.SpeecherLang;
				PRODUCT_NAME = "Speech Natural Language Analyzer";
				SUPPORTS_MACCATALYST = YES;
				SWIFT_VERSION = 5.0;
				TARGETED_DEVICE_FAMILY = "1,2";
			};
			name = Debug;
		};
		8B92D87E23491DDA00697F95 /* Release */ = {
			isa = XCBuildConfiguration;
			buildSettings = {
				ASSETCATALOG_COMPILER_APPICON_NAME = AppIcon;
				CODE_SIGN_ENTITLEMENTS = SpeecherLang/SpeecherLang.entitlements;
				CODE_SIGN_STYLE = Automatic;
				DERIVE_MACCATALYST_PRODUCT_BUNDLE_IDENTIFIER = YES;
				DEVELOPMENT_TEAM = 5C2XD9H2JS;
				INFOPLIST_FILE = SpeecherLang/Info.plist;
				IPHONEOS_DEPLOYMENT_TARGET = 13.0;
				LD_RUNPATH_SEARCH_PATHS = (
					"$(inherited)",
					"@executable_path/Frameworks",
				);
				PRODUCT_BUNDLE_IDENTIFIER = com.alfianlosari.SpeecherLang;
				PRODUCT_NAME = "Speech Natural Language Analyzer";
				SUPPORTS_MACCATALYST = YES;
				SWIFT_VERSION = 5.0;
				TARGETED_DEVICE_FAMILY = "1,2";
			};
			name = Release;
		};
/* End XCBuildConfiguration section */

/* Begin XCConfigurationList section */
		8B92D86323491DD700697F95 /* Build configuration list for PBXProject "SpeecherLang" */ = {
			isa = XCConfigurationList;
			buildConfigurations = (
				8B92D87A23491DDA00697F95 /* Debug */,
				8B92D87B23491DDA00697F95 /* Release */,
			);
			defaultConfigurationIsVisible = 0;
			defaultConfigurationName = Release;
		};
		8B92D87C23491DDA00697F95 /* Build configuration list for PBXNativeTarget "SpeecherLang" */ = {
			isa = XCConfigurationList;
			buildConfigurations = (
				8B92D87D23491DDA00697F95 /* Debug */,
				8B92D87E23491DDA00697F95 /* Release */,
			);
			defaultConfigurationIsVisible = 0;
			defaultConfigurationName = Release;
		};
/* End XCConfigurationList section */
	};
	rootObject = 8B92D86023491DD700697F95 /* Project object */;
}
